// !$*UTF8*$!
{
	archiveVersion = 1;
	classes = {
	};
	objectVersion = 46;
	objects = {

/* Begin PBXBuildFile section */
		4A0E0ACA16EA28FC002F1ECA /* libtbb.dylib in Frameworks */ = {isa = PBXBuildFile; fileRef = 4A0E0AC916EA28FC002F1ECA /* libtbb.dylib */; };
		4A0E0ADE16EA3726002F1ECA /* pqvm.cpp in Sources */ = {isa = PBXBuildFile; fileRef = 4A0E0ADA16EA2D40002F1ECA /* pqvm.cpp */; };
		4A3980621705B25100A5D521 /* libsexp.a in Frameworks */ = {isa = PBXBuildFile; fileRef = 4A3980611705B25100A5D521 /* libsexp.a */; };
		4AB88AA716FBA5D200BA5DFC /* libtbb.dylib in Frameworks */ = {isa = PBXBuildFile; fileRef = 4A0E0AC916EA28FC002F1ECA /* libtbb.dylib */; };
		4ACD869B1702229C00C5E854 /* options.cpp in Sources */ = {isa = PBXBuildFile; fileRef = D0F76FA41700714E00595879 /* options.cpp */; };
		4ACD869D17032E3200C5E854 /* normalize.cpp in Sources */ = {isa = PBXBuildFile; fileRef = 4ACD869C17032E3200C5E854 /* normalize.cpp */; };
		D022F25717046500007BA49E /* libquantum.c in Sources */ = {isa = PBXBuildFile; fileRef = D022F25617046500007BA49E /* libquantum.c */; };
		D02772FA1726B72A0043AD02 /* grainsize.cpp in Sources */ = {isa = PBXBuildFile; fileRef = D02772F91726B72A0043AD02 /* grainsize.cpp */; };
		D06C191C1700C79100B58CFB /* sigma-x.cpp in Sources */ = {isa = PBXBuildFile; fileRef = D06C191A1700C79100B58CFB /* sigma-x.cpp */; };
		D0F76FA71700714E00595879 /* kronecker.cpp in Sources */ = {isa = PBXBuildFile; fileRef = D0F76FA31700714E00595879 /* kronecker.cpp */; };
		D0F76FAA1700714E00595879 /* sigma-z.cpp in Sources */ = {isa = PBXBuildFile; fileRef = D0F76FA61700714E00595879 /* sigma-z.cpp */; };
/* End PBXBuildFile section */

/* Begin PBXCopyFilesBuildPhase section */
		D0EAD5C816E75F290026EE11 /* CopyFiles */ = {
			isa = PBXCopyFilesBuildPhase;
			buildActionMask = 2147483647;
			dstPath = /usr/share/man/man1/;
			dstSubfolderSpec = 0;
			files = (
			);
			runOnlyForDeploymentPostprocessing = 1;
		};
		D0EAD5E416E762D40026EE11 /* CopyFiles */ = {
			isa = PBXCopyFilesBuildPhase;
			buildActionMask = 2147483647;
			dstPath = /usr/share/man/man1/;
			dstSubfolderSpec = 0;
			files = (
			);
			runOnlyForDeploymentPostprocessing = 1;
		};
/* End PBXCopyFilesBuildPhase section */

/* Begin PBXFileReference section */
		4A0E0AC916EA28FC002F1ECA /* libtbb.dylib */ = {isa = PBXFileReference; lastKnownFileType = "compiled.mach-o.dylib"; name = libtbb.dylib; path = ../../../../usr/local/lib/libtbb.dylib; sourceTree = "<group>"; };
		4A0E0ACC16EA2C8C002F1ECA /* libquantum.a */ = {isa = PBXFileReference; lastKnownFileType = archive.ar; name = libquantum.a; path = ../../../../usr/local/lib/libquantum.a; sourceTree = "<group>"; };
		4A0E0AD816EA2D40002F1ECA /* bitmask.h */ = {isa = PBXFileReference; lastKnownFileType = sourcecode.c.h; path = bitmask.h; sourceTree = "<group>"; };
		4A0E0AD916EA2D40002F1ECA /* performance.h */ = {isa = PBXFileReference; explicitFileType = sourcecode.cpp.h; path = performance.h; sourceTree = "<group>"; };
		4A0E0ADA16EA2D40002F1ECA /* pqvm.cpp */ = {isa = PBXFileReference; lastKnownFileType = sourcecode.cpp.cpp; path = pqvm.cpp; sourceTree = "<group>"; };
		4A2D4C9B172F217E00632B67 /* tbb-mcp.h */ = {isa = PBXFileReference; lastKnownFileType = sourcecode.c.h; name = "tbb-mcp.h"; path = "quantum/tbb-mcp.h"; sourceTree = "<group>"; };
		4A3980611705B25100A5D521 /* libsexp.a */ = {isa = PBXFileReference; lastKnownFileType = archive.ar; name = libsexp.a; path = ../../../../usr/local/lib/libsexp.a; sourceTree = "<group>"; };
		4A3CAB6616FDE80300D3966C /* gates.c */ = {isa = PBXFileReference; lastKnownFileType = sourcecode.c.c; path = gates.c; sourceTree = "<group>"; };
		4A3CAB6716FDE80300D3966C /* qops.cpp */ = {isa = PBXFileReference; lastKnownFileType = sourcecode.cpp.cpp; path = qops.cpp; sourceTree = "<group>"; };
		4AC7AEB8172D601C003FF9F9 /* options.h */ = {isa = PBXFileReference; lastKnownFileType = sourcecode.c.h; path = options.h; sourceTree = "<group>"; };
		4ACD868F1701EAC600C5E854 /* qvm.c */ = {isa = PBXFileReference; lastKnownFileType = sourcecode.c.c; path = qvm.c; sourceTree = "<group>"; };
		4ACD86901701EAC600C5E854 /* qvm.h */ = {isa = PBXFileReference; lastKnownFileType = sourcecode.c.h; path = qvm.h; sourceTree = "<group>"; };
		4ACD86941701F71400C5E854 /* openmp.h */ = {isa = PBXFileReference; lastKnownFileType = sourcecode.c.h; name = openmp.h; path = quantum/openmp.h; sourceTree = "<group>"; };
		4ACD86951701F71400C5E854 /* quantum.h */ = {isa = PBXFileReference; lastKnownFileType = sourcecode.c.h; name = quantum.h; path = quantum/quantum.h; sourceTree = "<group>"; };
		4ACD86961701F71400C5E854 /* sequential.h */ = {isa = PBXFileReference; lastKnownFileType = sourcecode.c.h; name = sequential.h; path = quantum/sequential.h; sourceTree = "<group>"; };
		4ACD86981701F71400C5E854 /* types.h */ = {isa = PBXFileReference; lastKnownFileType = sourcecode.c.h; name = types.h; path = quantum/types.h; sourceTree = "<group>"; };
		4ACD869A170200CC00C5E854 /* vector.h */ = {isa = PBXFileReference; lastKnownFileType = sourcecode.c.h; path = vector.h; sourceTree = "<group>"; };
		4ACD869C17032E3200C5E854 /* normalize.cpp */ = {isa = PBXFileReference; fileEncoding = 4; lastKnownFileType = sourcecode.cpp.cpp; name = normalize.cpp; path = tests/normalize.cpp; sourceTree = "<group>"; };
		D022F25617046500007BA49E /* libquantum.c */ = {isa = PBXFileReference; fileEncoding = 4; lastKnownFileType = sourcecode.c.c; name = libquantum.c; path = tests/libquantum.c; sourceTree = "<group>"; };
		D02772F91726B72A0043AD02 /* grainsize.cpp */ = {isa = PBXFileReference; fileEncoding = 4; lastKnownFileType = sourcecode.cpp.cpp; name = grainsize.cpp; path = tests/grainsize.cpp; sourceTree = "<group>"; };
		D02772FB1726C5910043AD02 /* tbb.h */ = {isa = PBXFileReference; lastKnownFileType = sourcecode.c.h; name = tbb.h; path = quantum/tbb.h; sourceTree = "<group>"; };
		D02772FC1726DE650043AD02 /* thread-control.h */ = {isa = PBXFileReference; lastKnownFileType = sourcecode.c.h; path = "thread-control.h"; sourceTree = "<group>"; };
		D06C191A1700C79100B58CFB /* sigma-x.cpp */ = {isa = PBXFileReference; fileEncoding = 4; lastKnownFileType = sourcecode.cpp.cpp; name = "sigma-x.cpp"; path = "tests/sigma-x.cpp"; sourceTree = "<group>"; };
		D0EAD5CA16E75F290026EE11 /* pqvm */ = {isa = PBXFileReference; explicitFileType = "compiled.mach-o.executable"; includeInIndex = 0; path = pqvm; sourceTree = BUILT_PRODUCTS_DIR; };
		D0EAD5E616E762D40026EE11 /* test */ = {isa = PBXFileReference; explicitFileType = "compiled.mach-o.executable"; includeInIndex = 0; path = test; sourceTree = BUILT_PRODUCTS_DIR; };
		D0F76FA31700714E00595879 /* kronecker.cpp */ = {isa = PBXFileReference; fileEncoding = 4; lastKnownFileType = sourcecode.cpp.cpp; name = kronecker.cpp; path = tests/kronecker.cpp; sourceTree = "<group>"; };
		D0F76FA41700714E00595879 /* options.cpp */ = {isa = PBXFileReference; fileEncoding = 4; lastKnownFileType = sourcecode.cpp.cpp; name = options.cpp; path = tests/options.cpp; sourceTree = "<group>"; };
		D0F76FA61700714E00595879 /* sigma-z.cpp */ = {isa = PBXFileReference; fileEncoding = 4; lastKnownFileType = sourcecode.cpp.cpp; name = "sigma-z.cpp"; path = "tests/sigma-z.cpp"; sourceTree = "<group>"; };
/* End PBXFileReference section */

/* Begin PBXFrameworksBuildPhase section */
		D0EAD5C716E75F290026EE11 /* Frameworks */ = {
			isa = PBXFrameworksBuildPhase;
			buildActionMask = 2147483647;
			files = (
				4A0E0ACA16EA28FC002F1ECA /* libtbb.dylib in Frameworks */,
				4A3980621705B25100A5D521 /* libsexp.a in Frameworks */,
			);
			runOnlyForDeploymentPostprocessing = 0;
		};
		D0EAD5E316E762D40026EE11 /* Frameworks */ = {
			isa = PBXFrameworksBuildPhase;
			buildActionMask = 2147483647;
			files = (
				4AB88AA716FBA5D200BA5DFC /* libtbb.dylib in Frameworks */,
			);
			runOnlyForDeploymentPostprocessing = 0;
		};
/* End PBXFrameworksBuildPhase section */

/* Begin PBXGroup section */
		4A3CAB6516FDE80300D3966C /* scraps */ = {
			isa = PBXGroup;
			children = (
				4A3CAB6616FDE80300D3966C /* gates.c */,
				4A3CAB6716FDE80300D3966C /* qops.cpp */,
			);
			path = scraps;
			sourceTree = "<group>";
		};
		4ACD86931701F70500C5E854 /* quantum */ = {
			isa = PBXGroup;
			children = (
				4ACD86951701F71400C5E854 /* quantum.h */,
				4ACD86981701F71400C5E854 /* types.h */,
				4ACD86941701F71400C5E854 /* openmp.h */,
				4ACD86961701F71400C5E854 /* sequential.h */,
				D02772FB1726C5910043AD02 /* tbb.h */,
				4A2D4C9B172F217E00632B67 /* tbb-mcp.h */,
			);
			name = quantum;
			sourceTree = "<group>";
		};
		D0EAD5C116E75F290026EE11 = {
			isa = PBXGroup;
			children = (
				4A0E0AD816EA2D40002F1ECA /* bitmask.h */,
				4A0E0AD916EA2D40002F1ECA /* performance.h */,

				4AC7AEB8172D601C003FF9F9 /* options.h */,


				D02772FC1726DE650043AD02 /* thread-control.h */,
				4ACD86901701EAC600C5E854 /* qvm.h */,
				4ACD869A170200CC00C5E854 /* vector.h */,
				4ACD868F1701EAC600C5E854 /* qvm.c */,
				4A0E0ADA16EA2D40002F1ECA /* pqvm.cpp */,
				4ACD86931701F70500C5E854 /* quantum */,
				D0F76FA21700712700595879 /* tests */,
				4A3CAB6516FDE80300D3966C /* scraps */,
				D0EAD5F116E7675E0026EE11 /* libraries */,
				D0EAD5CB16E75F290026EE11 /* products */,
			);
			sourceTree = "<group>";
		};
		D0EAD5CB16E75F290026EE11 /* products */ = {
			isa = PBXGroup;
			children = (
				D0EAD5CA16E75F290026EE11 /* pqvm */,
				D0EAD5E616E762D40026EE11 /* test */,
			);
			name = products;
			sourceTree = "<group>";
		};
		D0EAD5F116E7675E0026EE11 /* libraries */ = {
			isa = PBXGroup;
			children = (
				4A0E0ACC16EA2C8C002F1ECA /* libquantum.a */,
				4A3980611705B25100A5D521 /* libsexp.a */,
				4A0E0AC916EA28FC002F1ECA /* libtbb.dylib */,
			);
			name = libraries;
			sourceTree = "<group>";
		};
		D0F76FA21700712700595879 /* tests */ = {
			isa = PBXGroup;
			children = (
				D06C191A1700C79100B58CFB /* sigma-x.cpp */,
				4ACD869C17032E3200C5E854 /* normalize.cpp */,
				D0F76FA61700714E00595879 /* sigma-z.cpp */,
				D0F76FA31700714E00595879 /* kronecker.cpp */,
				D0F76FA41700714E00595879 /* options.cpp */,
				D022F25617046500007BA49E /* libquantum.c */,
				D02772F91726B72A0043AD02 /* grainsize.cpp */,
			);
			name = tests;
			sourceTree = "<group>";
		};
/* End PBXGroup section */

/* Begin PBXNativeTarget section */
		D0EAD5C916E75F290026EE11 /* pqvm */ = {
			isa = PBXNativeTarget;
			buildConfigurationList = D0EAD5D316E75F290026EE11 /* Build configuration list for PBXNativeTarget "pqvm" */;
			buildPhases = (
				D0EAD5C616E75F290026EE11 /* Sources */,
				D0EAD5C716E75F290026EE11 /* Frameworks */,
				D0EAD5C816E75F290026EE11 /* CopyFiles */,
			);
			buildRules = (
			);
			dependencies = (
			);
			name = pqvm;
			productName = pqvm;
			productReference = D0EAD5CA16E75F290026EE11 /* pqvm */;
			productType = "com.apple.product-type.tool";
		};
		D0EAD5E516E762D40026EE11 /* test */ = {
			isa = PBXNativeTarget;
			buildConfigurationList = D0EAD5EC16E762D40026EE11 /* Build configuration list for PBXNativeTarget "test" */;
			buildPhases = (
				D0EAD5E216E762D40026EE11 /* Sources */,
				D0EAD5E316E762D40026EE11 /* Frameworks */,
				D0EAD5E416E762D40026EE11 /* CopyFiles */,
			);
			buildRules = (
			);
			dependencies = (
			);
			name = test;
			productName = test;
			productReference = D0EAD5E616E762D40026EE11 /* test */;
			productType = "com.apple.product-type.tool";
		};
/* End PBXNativeTarget section */

/* Begin PBXProject section */
		D0EAD5C216E75F290026EE11 /* Project object */ = {
			isa = PBXProject;
			attributes = {
				LastUpgradeCheck = 0460;
				ORGANIZATIONNAME = kmoerman;
			};
			buildConfigurationList = D0EAD5C516E75F290026EE11 /* Build configuration list for PBXProject "pqvm" */;
			compatibilityVersion = "Xcode 3.2";
			developmentRegion = English;
			hasScannedForEncodings = 0;
			knownRegions = (
				en,
			);
			mainGroup = D0EAD5C116E75F290026EE11;
			productRefGroup = D0EAD5CB16E75F290026EE11 /* products */;
			projectDirPath = "";
			projectRoot = "";
			targets = (
				D0EAD5C916E75F290026EE11 /* pqvm */,
				D0EAD5E516E762D40026EE11 /* test */,
			);
		};
/* End PBXProject section */

/* Begin PBXSourcesBuildPhase section */
		D0EAD5C616E75F290026EE11 /* Sources */ = {
			isa = PBXSourcesBuildPhase;
			buildActionMask = 2147483647;
			files = (
				4A0E0ADE16EA3726002F1ECA /* pqvm.cpp in Sources */,
			);
			runOnlyForDeploymentPostprocessing = 0;
		};
		D0EAD5E216E762D40026EE11 /* Sources */ = {
			isa = PBXSourcesBuildPhase;
			buildActionMask = 2147483647;
			files = (
				4ACD869B1702229C00C5E854 /* options.cpp in Sources */,
				D0F76FA71700714E00595879 /* kronecker.cpp in Sources */,
				D0F76FAA1700714E00595879 /* sigma-z.cpp in Sources */,
				D06C191C1700C79100B58CFB /* sigma-x.cpp in Sources */,
				4ACD869D17032E3200C5E854 /* normalize.cpp in Sources */,
				D022F25717046500007BA49E /* libquantum.c in Sources */,
				D02772FA1726B72A0043AD02 /* grainsize.cpp in Sources */,
			);
			runOnlyForDeploymentPostprocessing = 0;
		};
/* End PBXSourcesBuildPhase section */

/* Begin XCBuildConfiguration section */
		D0EAD5D116E75F290026EE11 /* Debug */ = {
			isa = XCBuildConfiguration;
			buildSettings = {
				ALWAYS_SEARCH_USER_PATHS = YES;
				ARCHS = "$(ARCHS_STANDARD_64_BIT)";
				CLANG_CXX_LANGUAGE_STANDARD = "gnu++0x";
				CLANG_CXX_LIBRARY = "libc++";
				CLANG_WARN_CONSTANT_CONVERSION = YES;
				CLANG_WARN_EMPTY_BODY = YES;
				CLANG_WARN_ENUM_CONVERSION = YES;
				CLANG_WARN_INT_CONVERSION = YES;
				CLANG_WARN__DUPLICATE_METHOD_MATCH = YES;
				CONFIGURATION_BUILD_DIR = "";
				CONFIGURATION_TEMP_DIR = "";
				COPY_PHASE_STRIP = NO;
				GCC_C_LANGUAGE_STANDARD = gnu99;
				GCC_DYNAMIC_NO_PIC = NO;
				GCC_ENABLE_OBJC_EXCEPTIONS = YES;
				GCC_OPTIMIZATION_LEVEL = 0;
				GCC_PREPROCESSOR_DEFINITIONS = (
					"DEBUG=1",
					"$(inherited)",
				);
				GCC_SYMBOLS_PRIVATE_EXTERN = NO;
				GCC_WARN_64_TO_32_BIT_CONVERSION = YES;
				GCC_WARN_ABOUT_RETURN_TYPE = YES;
				GCC_WARN_UNINITIALIZED_AUTOS = YES;
				GCC_WARN_UNUSED_VARIABLE = YES;
				HEADER_SEARCH_PATHS = (
					"~/local-osx/include",
					"~/local/include",
					/usr/local/include,
					./sexp/include,
				);
				INSTALL_PATH = "";
				LIBRARY_SEARCH_PATHS = (
					"~/local-osx/lib",
					"~/local/lib",
					/usr/local/lib,
					./sexp/lib,
				);
				MACOSX_DEPLOYMENT_TARGET = 10.8;
				ONLY_ACTIVE_ARCH = YES;
				SDKROOT = macosx;
				SYMROOT = "";
			};
			name = Debug;
		};
		D0EAD5D216E75F290026EE11 /* Release */ = {
			isa = XCBuildConfiguration;
			buildSettings = {
				ALWAYS_SEARCH_USER_PATHS = YES;
				ARCHS = "$(ARCHS_STANDARD_64_BIT)";
				CLANG_CXX_LANGUAGE_STANDARD = "gnu++0x";
				CLANG_CXX_LIBRARY = "libc++";
				CLANG_WARN_CONSTANT_CONVERSION = YES;
				CLANG_WARN_EMPTY_BODY = YES;
				CLANG_WARN_ENUM_CONVERSION = YES;
				CLANG_WARN_INT_CONVERSION = YES;
				CLANG_WARN__DUPLICATE_METHOD_MATCH = YES;
				CONFIGURATION_BUILD_DIR = "";
				CONFIGURATION_TEMP_DIR = "";
				COPY_PHASE_STRIP = YES;
				DEBUG_INFORMATION_FORMAT = "dwarf-with-dsym";
				GCC_C_LANGUAGE_STANDARD = gnu99;
				GCC_ENABLE_OBJC_EXCEPTIONS = YES;
				GCC_WARN_64_TO_32_BIT_CONVERSION = YES;
				GCC_WARN_ABOUT_RETURN_TYPE = YES;
				GCC_WARN_UNINITIALIZED_AUTOS = YES;
				GCC_WARN_UNUSED_VARIABLE = YES;
				HEADER_SEARCH_PATHS = (
					"~/local-osx/include",
					"~/local/include",
					/usr/local/include,
					./sexp/include,
				);
				INSTALL_PATH = "";
				LIBRARY_SEARCH_PATHS = (
					"~/local-osx/lib",
					"~/local/lib",
					/usr/local/lib,
					./sexp/lib,
				);
				MACOSX_DEPLOYMENT_TARGET = 10.8;
				SDKROOT = macosx;
				SYMROOT = "";
			};
			name = Release;
		};
		D0EAD5D416E75F290026EE11 /* Debug */ = {
			isa = XCBuildConfiguration;
			buildSettings = {
				GCC_VERSION = "";
				HEADER_SEARCH_PATHS = "$(inherited)";
				INSTALL_PATH = "";
				LIBRARY_SEARCH_PATHS = (
					"$(inherited)",
					"\"$(SRCROOT)/sexp/lib\"",
				);
				PRODUCT_NAME = "$(TARGET_NAME)";
			};
			name = Debug;
		};
		D0EAD5D516E75F290026EE11 /* Release */ = {
			isa = XCBuildConfiguration;
			buildSettings = {
				GCC_VERSION = "";
				HEADER_SEARCH_PATHS = "$(inherited)";
				INSTALL_PATH = "";
				LIBRARY_SEARCH_PATHS = (
					"$(inherited)",
					"\"$(SRCROOT)/sexp/lib\"",
				);
				PRODUCT_NAME = "$(TARGET_NAME)";
			};
			name = Release;
		};
		D0EAD5ED16E762D40026EE11 /* Debug */ = {
			isa = XCBuildConfiguration;
			buildSettings = {
				GCC_OPTIMIZATION_LEVEL = 3;
				HEADER_SEARCH_PATHS = "$(inherited)";
				LIBRARY_SEARCH_PATHS = "$(inherited)";
				PRODUCT_NAME = "$(TARGET_NAME)";
			};
			name = Debug;
		};
		D0EAD5EE16E762D40026EE11 /* Release */ = {
			isa = XCBuildConfiguration;
			buildSettings = {
				GCC_OPTIMIZATION_LEVEL = 3;
				HEADER_SEARCH_PATHS = "$(inherited)";
				LIBRARY_SEARCH_PATHS = "$(inherited)";
				PRODUCT_NAME = "$(TARGET_NAME)";
			};
			name = Release;
		};
/* End XCBuildConfiguration section */

/* Begin XCConfigurationList section */
		D0EAD5C516E75F290026EE11 /* Build configuration list for PBXProject "pqvm" */ = {
			isa = XCConfigurationList;
			buildConfigurations = (
				D0EAD5D116E75F290026EE11 /* Debug */,
				D0EAD5D216E75F290026EE11 /* Release */,
			);
			defaultConfigurationIsVisible = 0;
			defaultConfigurationName = Release;
		};
		D0EAD5D316E75F290026EE11 /* Build configuration list for PBXNativeTarget "pqvm" */ = {
			isa = XCConfigurationList;
			buildConfigurations = (
				D0EAD5D416E75F290026EE11 /* Debug */,
				D0EAD5D516E75F290026EE11 /* Release */,
			);
			defaultConfigurationIsVisible = 0;
			defaultConfigurationName = Release;
		};
		D0EAD5EC16E762D40026EE11 /* Build configuration list for PBXNativeTarget "test" */ = {
			isa = XCConfigurationList;
			buildConfigurations = (
				D0EAD5ED16E762D40026EE11 /* Debug */,
				D0EAD5EE16E762D40026EE11 /* Release */,
			);
			defaultConfigurationIsVisible = 0;
			defaultConfigurationName = Release;
		};
/* End XCConfigurationList section */
	};
	rootObject = D0EAD5C216E75F290026EE11 /* Project object */;
}
